
Microsoft Visual Studio Solution File, Format Version 12.00
Project("{2150E333-8FDC-42A3-9474-1A3956D46DE8}") = "InfrastructureLayer", "InfrastructureLayer", "{773E5B0B-7EEF-4598-8C11-8A41E9240E91}"
EndProject
Project("{FAE04EC0-301F-11D3-BF4B-00C04F79EFBC}") = "Application.Common", "Application.Common\Application.Common.csproj", "{095D441F-7940-4539-851E-B864029C0D61}"
EndProject
Project("{FAE04EC0-301F-11D3-BF4B-00C04F79EFBC}") = "Aplication.Ozon", "Aplication.Ozon\Aplication.Ozon.csproj", "{64C324A0-422D-4F7D-8F2C-E88C84E5E874}"
EndProject
Project("{FAE04EC0-301F-11D3-BF4B-00C04F79EFBC}") = "Application.Exist", "Application.Exist\Application.Exist.csproj", "{20D62352-431E-4D9A-98AC-3B13024EEB67}"
EndProject
Project("{FAE04EC0-301F-11D3-BF4B-00C04F79EFBC}") = "Application.Emex", "Application.Emex\Application.Emex.csproj", "{0CAC75D8-41FC-4C1E-BC59-9B962856A2FE}"
EndProject
Project("{FAE04EC0-301F-11D3-BF4B-00C04F79EFBC}") = "Destributed.PartsSearcherController", "Destributed.PartsSearcherController\Destributed.PartsSearcherController.csproj", "{794A308B-4221-4B2B-9674-480D252C3EBD}"
EndProject
Project("{FAE04EC0-301F-11D3-BF4B-00C04F79EFBC}") = "Domain", "Domain\Domain.csproj", "{2B10D153-9501-4FDC-8119-7D4FE0372895}"
EndProject
Project("{FAE04EC0-301F-11D3-BF4B-00C04F79EFBC}") = "Infrastructure.Configuration", "Infrastructure.Configuration\Infrastructure.Configuration.csproj", "{E41B1F3C-BC06-425C-9E2F-2719D952EA2E}"
EndProject
Project("{FAE04EC0-301F-11D3-BF4B-00C04F79EFBC}") = "Startup", "Startup\Startup.csproj", "{A8A237A6-3C2F-42C6-8647-76BE467D7448}"
EndProject
Project("{FAE04EC0-301F-11D3-BF4B-00C04F79EFBC}") = "Application.Avtomoe", "Application.Avtomoe\Application.Avtomoe.csproj", "{3F9B8370-1811-43A8-9066-D735698434A8}"
EndProject
Project("{2150E333-8FDC-42A3-9474-1A3956D46DE8}") = "Searcher.ExternalServices", "Searcher.ExternalServices", "{FAD6EB8D-33DE-41DC-A2AD-41EAEA93EA78}"
EndProject
Project("{2150E333-8FDC-42A3-9474-1A3956D46DE8}") = "Searcher.TreeParts", "Searcher.TreeParts", "{CEEEC37C-86A2-4949-82BC-203444F4F493}"
EndProject
Project("{FAE04EC0-301F-11D3-BF4B-00C04F79EFBC}") = "Destributed", "Destributed\Destributed.csproj", "{908BCD28-96A4-49C1-A37C-5F284AAB9F0F}"
EndProject
Project("{FAE04EC0-301F-11D3-BF4B-00C04F79EFBC}") = "Application", "Application\Application.csproj", "{2E1CE879-4C41-4527-9FBF-BC440A6CCA02}"
EndProject
Global
	GlobalSection(SolutionConfigurationPlatforms) = preSolution
		Debug|Any CPU = Debug|Any CPU
		Release|Any CPU = Release|Any CPU
	EndGlobalSection
	GlobalSection(ProjectConfigurationPlatforms) = postSolution
		{095D441F-7940-4539-851E-B864029C0D61}.Debug|Any CPU.ActiveCfg = Debug|Any CPU
		{095D441F-7940-4539-851E-B864029C0D61}.Debug|Any CPU.Build.0 = Debug|Any CPU
		{095D441F-7940-4539-851E-B864029C0D61}.Release|Any CPU.ActiveCfg = Release|Any CPU
		{095D441F-7940-4539-851E-B864029C0D61}.Release|Any CPU.Build.0 = Release|Any CPU
		{64C324A0-422D-4F7D-8F2C-E88C84E5E874}.Debug|Any CPU.ActiveCfg = Debug|Any CPU
		{64C324A0-422D-4F7D-8F2C-E88C84E5E874}.Debug|Any CPU.Build.0 = Debug|Any CPU
		{64C324A0-422D-4F7D-8F2C-E88C84E5E874}.Release|Any CPU.ActiveCfg = Release|Any CPU
		{64C324A0-422D-4F7D-8F2C-E88C84E5E874}.Release|Any CPU.Build.0 = Release|Any CPU
		{20D62352-431E-4D9A-98AC-3B13024EEB67}.Debug|Any CPU.ActiveCfg = Debug|Any CPU
		{20D62352-431E-4D9A-98AC-3B13024EEB67}.Debug|Any CPU.Build.0 = Debug|Any CPU
		{20D62352-431E-4D9A-98AC-3B13024EEB67}.Release|Any CPU.ActiveCfg = Release|Any CPU
		{20D62352-431E-4D9A-98AC-3B13024EEB67}.Release|Any CPU.Build.0 = Release|Any CPU
		{0CAC75D8-41FC-4C1E-BC59-9B962856A2FE}.Debug|Any CPU.ActiveCfg = Debug|Any CPU
		{0CAC75D8-41FC-4C1E-BC59-9B962856A2FE}.Debug|Any CPU.Build.0 = Debug|Any CPU
		{0CAC75D8-41FC-4C1E-BC59-9B962856A2FE}.Release|Any CPU.ActiveCfg = Release|Any CPU
		{0CAC75D8-41FC-4C1E-BC59-9B962856A2FE}.Release|Any CPU.Build.0 = Release|Any CPU
		{794A308B-4221-4B2B-9674-480D252C3EBD}.Debug|Any CPU.ActiveCfg = Debug|Any CPU
		{794A308B-4221-4B2B-9674-480D252C3EBD}.Debug|Any CPU.Build.0 = Debug|Any CPU
		{794A308B-4221-4B2B-9674-480D252C3EBD}.Release|Any CPU.ActiveCfg = Release|Any CPU
		{794A308B-4221-4B2B-9674-480D252C3EBD}.Release|Any CPU.Build.0 = Release|Any CPU
		{2B10D153-9501-4FDC-8119-7D4FE0372895}.Debug|Any CPU.ActiveCfg = Debug|Any CPU
		{2B10D153-9501-4FDC-8119-7D4FE0372895}.Debug|Any CPU.Build.0 = Debug|Any CPU
		{2B10D153-9501-4FDC-8119-7D4FE0372895}.Release|Any CPU.ActiveCfg = Release|Any CPU
		{2B10D153-9501-4FDC-8119-7D4FE0372895}.Release|Any CPU.Build.0 = Release|Any CPU
		{E41B1F3C-BC06-425C-9E2F-2719D952EA2E}.Debug|Any CPU.ActiveCfg = Debug|Any CPU
		{E41B1F3C-BC06-425C-9E2F-2719D952EA2E}.Debug|Any CPU.Build.0 = Debug|Any CPU
		{E41B1F3C-BC06-425C-9E2F-2719D952EA2E}.Release|Any CPU.ActiveCfg = Release|Any CPU
		{E41B1F3C-BC06-425C-9E2F-2719D952EA2E}.Release|Any CPU.Build.0 = Release|Any CPU
		{A8A237A6-3C2F-42C6-8647-76BE467D7448}.Debug|Any CPU.ActiveCfg = Debug|Any CPU
		{A8A237A6-3C2F-42C6-8647-76BE467D7448}.Debug|Any CPU.Build.0 = Debug|Any CPU
		{A8A237A6-3C2F-42C6-8647-76BE467D7448}.Release|Any CPU.ActiveCfg = Release|Any CPU
		{A8A237A6-3C2F-42C6-8647-76BE467D7448}.Release|Any CPU.Build.0 = Release|Any CPU
		{3F9B8370-1811-43A8-9066-D735698434A8}.Debug|Any CPU.ActiveCfg = Debug|Any CPU
		{3F9B8370-1811-43A8-9066-D735698434A8}.Debug|Any CPU.Build.0 = Debug|Any CPU
		{3F9B8370-1811-43A8-9066-D735698434A8}.Release|Any CPU.ActiveCfg = Release|Any CPU
		{3F9B8370-1811-43A8-9066-D735698434A8}.Release|Any CPU.Build.0 = Release|Any CPU
		{908BCD28-96A4-49C1-A37C-5F284AAB9F0F}.Debug|Any CPU.ActiveCfg = Debug|Any CPU
		{908BCD28-96A4-49C1-A37C-5F284AAB9F0F}.Debug|Any CPU.Build.0 = Debug|Any CPU
		{908BCD28-96A4-49C1-A37C-5F284AAB9F0F}.Release|Any CPU.ActiveCfg = Release|Any CPU
		{908BCD28-96A4-49C1-A37C-5F284AAB9F0F}.Release|Any CPU.Build.0 = Release|Any CPU
		{2E1CE879-4C41-4527-9FBF-BC440A6CCA02}.Debug|Any CPU.ActiveCfg = Debug|Any CPU
		{2E1CE879-4C41-4527-9FBF-BC440A6CCA02}.Debug|Any CPU.Build.0 = Debug|Any CPU
		{2E1CE879-4C41-4527-9FBF-BC440A6CCA02}.Release|Any CPU.ActiveCfg = Release|Any CPU
		{2E1CE879-4C41-4527-9FBF-BC440A6CCA02}.Release|Any CPU.Build.0 = Release|Any CPU
	EndGlobalSection
	GlobalSection(NestedProjects) = preSolution
		{E41B1F3C-BC06-425C-9E2F-2719D952EA2E} = {773E5B0B-7EEF-4598-8C11-8A41E9240E91}
		{64C324A0-422D-4F7D-8F2C-E88C84E5E874} = {FAD6EB8D-33DE-41DC-A2AD-41EAEA93EA78}
		{3F9B8370-1811-43A8-9066-D735698434A8} = {FAD6EB8D-33DE-41DC-A2AD-41EAEA93EA78}
		{095D441F-7940-4539-851E-B864029C0D61} = {FAD6EB8D-33DE-41DC-A2AD-41EAEA93EA78}
		{0CAC75D8-41FC-4C1E-BC59-9B962856A2FE} = {FAD6EB8D-33DE-41DC-A2AD-41EAEA93EA78}
		{20D62352-431E-4D9A-98AC-3B13024EEB67} = {FAD6EB8D-33DE-41DC-A2AD-41EAEA93EA78}
		{794A308B-4221-4B2B-9674-480D252C3EBD} = {FAD6EB8D-33DE-41DC-A2AD-41EAEA93EA78}
		{2B10D153-9501-4FDC-8119-7D4FE0372895} = {CEEEC37C-86A2-4949-82BC-203444F4F493}
		{908BCD28-96A4-49C1-A37C-5F284AAB9F0F} = {CEEEC37C-86A2-4949-82BC-203444F4F493}
		{2E1CE879-4C41-4527-9FBF-BC440A6CCA02} = {CEEEC37C-86A2-4949-82BC-203444F4F493}
	EndGlobalSection
EndGlobal
